// !$*UTF8*$!
{
	archiveVersion = 1;
	classes = {
	};
	objectVersion = 50;
	objects = {

/* Begin PBXBuildFile section */
		92FE8CFE2190ECE4006F1794 /* AppDelegate.swift in Sources */ = {isa = PBXBuildFile; fileRef = 92FE8CFD2190ECE4006F1794 /* AppDelegate.swift */; };
		92FE8D002190ECE4006F1794 /* ViewController.swift in Sources */ = {isa = PBXBuildFile; fileRef = 92FE8CFF2190ECE4006F1794 /* ViewController.swift */; };
		92FE8D032190ECE4006F1794 /* Main.storyboard in Resources */ = {isa = PBXBuildFile; fileRef = 92FE8D012190ECE4006F1794 /* Main.storyboard */; };
		92FE8D062190ECE4006F1794 /* BrunoFlix.xcdatamodeld in Sources */ = {isa = PBXBuildFile; fileRef = 92FE8D042190ECE4006F1794 /* BrunoFlix.xcdatamodeld */; };
		92FE8D082190ECE6006F1794 /* Assets.xcassets in Resources */ = {isa = PBXBuildFile; fileRef = 92FE8D072190ECE6006F1794 /* Assets.xcassets */; };
		92FE8D0B2190ECE6006F1794 /* LaunchScreen.storyboard in Resources */ = {isa = PBXBuildFile; fileRef = 92FE8D092190ECE6006F1794 /* LaunchScreen.storyboard */; };
/* End PBXBuildFile section */

/* Begin PBXFileReference section */
		92FE8CFA2190ECE4006F1794 /* BrunoFlix.app */ = {isa = PBXFileReference; explicitFileType = wrapper.application; includeInIndex = 0; path = BrunoFlix.app; sourceTree = BUILT_PRODUCTS_DIR; };
		92FE8CFD2190ECE4006F1794 /* AppDelegate.swift */ = {isa = PBXFileReference; lastKnownFileType = sourcecode.swift; path = AppDelegate.swift; sourceTree = "<group>"; };
		92FE8CFF2190ECE4006F1794 /* ViewController.swift */ = {isa = PBXFileReference; lastKnownFileType = sourcecode.swift; path = ViewController.swift; sourceTree = "<group>"; };
		92FE8D022190ECE4006F1794 /* Base */ = {isa = PBXFileReference; lastKnownFileType = file.storyboard; name = Base; path = Base.lproj/Main.storyboard; sourceTree = "<group>"; };
		92FE8D052190ECE4006F1794 /* BrunoFlix.xcdatamodel */ = {isa = PBXFileReference; lastKnownFileType = wrapper.xcdatamodel; path = BrunoFlix.xcdatamodel; sourceTree = "<group>"; };
		92FE8D072190ECE6006F1794 /* Assets.xcassets */ = {isa = PBXFileReference; lastKnownFileType = folder.assetcatalog; path = Assets.xcassets; sourceTree = "<group>"; };
		92FE8D0A2190ECE6006F1794 /* Base */ = {isa = PBXFileReference; lastKnownFileType = file.storyboard; name = Base; path = Base.lproj/LaunchScreen.storyboard; sourceTree = "<group>"; };
		92FE8D0C2190ECE6006F1794 /* Info.plist */ = {isa = PBXFileReference; lastKnownFileType = text.plist.xml; path = Info.plist; sourceTree = "<group>"; };
/* End PBXFileReference section */

/* Begin PBXFrameworksBuildPhase section */
		92FE8CF72190ECE4006F1794 /* Frameworks */ = {
			isa = PBXFrameworksBuildPhase;
			buildActionMask = 2147483647;
			files = (
			);
			runOnlyForDeploymentPostprocessing = 0;
		};
/* End PBXFrameworksBuildPhase section */

/* Begin PBXGroup section */
		92FE8CF12190ECE4006F1794 = {
			isa = PBXGroup;
			children = (
				92FE8CFC2190ECE4006F1794 /* BrunoFlix */,
				92FE8CFB2190ECE4006F1794 /* Products */,
			);
			sourceTree = "<group>";
		};
		92FE8CFB2190ECE4006F1794 /* Products */ = {
			isa = PBXGroup;
			children = (
				92FE8CFA2190ECE4006F1794 /* BrunoFlix.app */,
			);
			name = Products;
			sourceTree = "<group>";
		};
		92FE8CFC2190ECE4006F1794 /* BrunoFlix */ = {
			isa = PBXGroup;
			children = (
				92FE8CFD2190ECE4006F1794 /* AppDelegate.swift */,
				92FE8CFF2190ECE4006F1794 /* ViewController.swift */,
				92FE8D012190ECE4006F1794 /* Main.storyboard */,
				92FE8D072190ECE6006F1794 /* Assets.xcassets */,
				92FE8D092190ECE6006F1794 /* LaunchScreen.storyboard */,
				92FE8D0C2190ECE6006F1794 /* Info.plist */,
				92FE8D042190ECE4006F1794 /* BrunoFlix.xcdatamodeld */,
			);
			path = BrunoFlix;
			sourceTree = "<group>";
		};
/* End PBXGroup section */

/* Begin PBXNativeTarget section */
		92FE8CF92190ECE4006F1794 /* BrunoFlix */ = {
			isa = PBXNativeTarget;
			buildConfigurationList = 92FE8D0F2190ECE6006F1794 /* Build configuration list for PBXNativeTarget "BrunoFlix" */;
			buildPhases = (
				92FE8CF62190ECE4006F1794 /* Sources */,
				92FE8CF72190ECE4006F1794 /* Frameworks */,
				92FE8CF82190ECE4006F1794 /* Resources */,
			);
			buildRules = (
			);
			dependencies = (
			);
			name = BrunoFlix;
			productName = BrunoFlix;
			productReference = 92FE8CFA2190ECE4006F1794 /* BrunoFlix.app */;
			productType = "com.apple.product-type.application";
		};
/* End PBXNativeTarget section */

/* Begin PBXProject section */
		92FE8CF22190ECE4006F1794 /* Project object */ = {
			isa = PBXProject;
			attributes = {
				LastSwiftUpdateCheck = 1010;
				LastUpgradeCheck = 1010;
				ORGANIZATIONNAME = "Bruno Garcia";
				TargetAttributes = {
					92FE8CF92190ECE4006F1794 = {
						CreatedOnToolsVersion = 10.1;
					};
				};
			};
			buildConfigurationList = 92FE8CF52190ECE4006F1794 /* Build configuration list for PBXProject "BrunoFlix" */;
			compatibilityVersion = "Xcode 9.3";
			developmentRegion = en;
			hasScannedForEncodings = 0;
			knownRegions = (
				en,
				Base,
			);
			mainGroup = 92FE8CF12190ECE4006F1794;
			productRefGroup = 92FE8CFB2190ECE4006F1794 /* Products */;
			projectDirPath = "";
			projectRoot = "";
			targets = (
				92FE8CF92190ECE4006F1794 /* BrunoFlix */,
			);
		};
/* End PBXProject section */

/* Begin PBXResourcesBuildPhase section */
		92FE8CF82190ECE4006F1794 /* Resources */ = {
			isa = PBXResourcesBuildPhase;
			buildActionMask = 2147483647;
			files = (
				92FE8D0B2190ECE6006F1794 /* LaunchScreen.storyboard in Resources */,
				92FE8D082190ECE6006F1794 /* Assets.xcassets in Resources */,
				92FE8D032190ECE4006F1794 /* Main.storyboard in Resources */,
			);
			runOnlyForDeploymentPostprocessing = 0;
		};
/* End PBXResourcesBuildPhase section */

/* Begin PBXSourcesBuildPhase section */
		92FE8CF62190ECE4006F1794 /* Sources */ = {
			isa = PBXSourcesBuildPhase;
			buildActionMask = 2147483647;
			files = (
				92FE8D002190ECE4006F1794 /* ViewController.swift in Sources */,
				92FE8D062190ECE4006F1794 /* BrunoFlix.xcdatamodeld in Sources */,
				92FE8CFE2190ECE4006F1794 /* AppDelegate.swift in Sources */,
			);
			runOnlyForDeploymentPostprocessing = 0;
		};
/* End PBXSourcesBuildPhase section */

/* Begin PBXVariantGroup section */
		92FE8D012190ECE4006F1794 /* Main.storyboard */ = {
			isa = PBXVariantGroup;
			children = (
				92FE8D022190ECE4006F1794 /* Base */,
			);
			name = Main.storyboard;
			sourceTree = "<group>";
		};
		92FE8D092190ECE6006F1794 /* LaunchScreen.storyboard */ = {
			isa = PBXVariantGroup;
			children = (
				92FE8D0A2190ECE6006F1794 /* Base */,
			);
			name = LaunchScreen.storyboard;
			sourceTree = "<group>";
		};
/* End PBXVariantGroup section */

/* Begin XCBuildConfiguration section */
		92FE8D0D2190ECE6006F1794 /* Debug */ = {
			isa = XCBuildConfiguration;
			buildSettings = {
				ALWAYS_SEARCH_USER_PATHS = NO;
				CLANG_ANALYZER_NONNULL = YES;
				CLANG_ANALYZER_NUMBER_OBJECT_CONVERSION = YES_AGGRESSIVE;
				CLANG_CXX_LANGUAGE_STANDARD = "gnu++14";
				CLANG_CXX_LIBRARY = "libc++";
				CLANG_ENABLE_MODULES = YES;
				CLANG_ENABLE_OBJC_ARC = YES;
				CLANG_ENABLE_OBJC_WEAK = YES;
				CLANG_WARN_BLOCK_CAPTURE_AUTORELEASING = YES;
				CLANG_WARN_BOOL_CONVERSION = YES;
				CLANG_WARN_COMMA = YES;
				CLANG_WARN_CONSTANT_CONVERSION = YES;
				CLANG_WARN_DEPRECATED_OBJC_IMPLEMENTATIONS = YES;
				CLANG_WARN_DIRECT_OBJC_ISA_USAGE = YES_ERROR;
				CLANG_WARN_DOCUMENTATION_COMMENTS = YES;
				CLANG_WARN_EMPTY_BODY = YES;
				CLANG_WARN_ENUM_CONVERSION = YES;
				CLANG_WARN_INFINITE_RECURSION = YES;
				CLANG_WARN_INT_CONVERSION = YES;
				CLANG_WARN_NON_LITERAL_NULL_CONVERSION = YES;
				CLANG_WARN_OBJC_IMPLICIT_RETAIN_SELF = YES;
				CLANG_WARN_OBJC_LITERAL_CONVERSION = YES;
				CLANG_WARN_OBJC_ROOT_CLASS = YES_ERROR;
				CLANG_WARN_RANGE_LOOP_ANALYSIS = YES;
				CLANG_WARN_STRICT_PROTOTYPES = YES;
				CLANG_WARN_SUSPICIOUS_MOVE = YES;
				CLANG_WARN_UNGUARDED_AVAILABILITY = YES_AGGRESSIVE;
				CLANG_WARN_UNREACHABLE_CODE = YES;
				CLANG_WARN__DUPLICATE_METHOD_MATCH = YES;
				CODE_SIGN_IDENTITY = "iPhone Developer";
				COPY_PHASE_STRIP = NO;
				DEBUG_INFORMATION_FORMAT = dwarf;
				ENABLE_STRICT_OBJC_MSGSEND = YES;
				ENABLE_TESTABILITY = YES;
				GCC_C_LANGUAGE_STANDARD = gnu11;
				GCC_DYNAMIC_NO_PIC = NO;
				GCC_NO_COMMON_BLOCKS = YES;
				GCC_OPTIMIZATION_LEVEL = 0;
				GCC_PREPROCESSOR_DEFINITIONS = (
					"DEBUG=1",
					"$(inherited)",
				);
				GCC_WARN_64_TO_32_BIT_CONVERSION = YES;
				GCC_WARN_ABOUT_RETURN_TYPE = YES_ERROR;
				GCC_WARN_UNDECLARED_SELECTOR = YES;
				GCC_WARN_UNINITIALIZED_AUTOS = YES_AGGRESSIVE;
				GCC_WARN_UNUSED_FUNCTION = YES;
				GCC_WARN_UNUSED_VARIABLE = YES;
				IPHONEOS_DEPLOYMENT_TARGET = 12.1;
				MTL_ENABLE_DEBUG_INFO = INCLUDE_SOURCE;
				MTL_FAST_MATH = YES;
				ONLY_ACTIVE_ARCH = YES;
				SDKROOT = iphoneos;
				SWIFT_ACTIVE_COMPILATION_CONDITIONS = DEBUG;
				SWIFT_OPTIMIZATION_LEVEL = "-Onone";
			};
			name = Debug;
		};
		92FE8D0E2190ECE6006F1794 /* Release */ = {
			isa = XCBuildConfiguration;
			buildSettings = {
				ALWAYS_SEARCH_USER_PATHS = NO;
				CLANG_ANALYZER_NONNULL = YES;
				CLANG_ANALYZER_NUMBER_OBJECT_CONVERSION = YES_AGGRESSIVE;
				CLANG_CXX_LANGUAGE_STANDARD = "gnu++14";
				CLANG_CXX_LIBRARY = "libc++";
				CLANG_ENABLE_MODULES = YES;
				CLANG_ENABLE_OBJC_ARC = YES;
				CLANG_ENABLE_OBJC_WEAK = YES;
				CLANG_WARN_BLOCK_CAPTURE_AUTORELEASING = YES;
				CLANG_WARN_BOOL_CONVERSION = YES;
				CLANG_WARN_COMMA = YES;
				CLANG_WARN_CONSTANT_CONVERSION = YES;
				CLANG_WARN_DEPRECATED_OBJC_IMPLEMENTATIONS = YES;
				CLANG_WARN_DIRECT_OBJC_ISA_USAGE = YES_ERROR;
				CLANG_WARN_DOCUMENTATION_COMMENTS = YES;
				CLANG_WARN_EMPTY_BODY = YES;
				CLANG_WARN_ENUM_CONVERSION = YES;
				CLANG_WARN_INFINITE_RECURSION = YES;
				CLANG_WARN_INT_CONVERSION = YES;
				CLANG_WARN_NON_LITERAL_NULL_CONVERSION = YES;
				CLANG_WARN_OBJC_IMPLICIT_RETAIN_SELF = YES;
				CLANG_WARN_OBJC_LITERAL_CONVERSION = YES;
				CLANG_WARN_OBJC_ROOT_CLASS = YES_ERROR;
				CLANG_WARN_RANGE_LOOP_ANALYSIS = YES;
				CLANG_WARN_STRICT_PROTOTYPES = YES;
				CLANG_WARN_SUSPICIOUS_MOVE = YES;
				CLANG_WARN_UNGUARDED_AVAILABILITY = YES_AGGRESSIVE;
				CLANG_WARN_UNREACHABLE_CODE = YES;
				CLANG_WARN__DUPLICATE_METHOD_MATCH = YES;
				CODE_SIGN_IDENTITY = "iPhone Developer";
				COPY_PHASE_STRIP = NO;
				DEBUG_INFORMATION_FORMAT = "dwarf-with-dsym";
				ENABLE_NS_ASSERTIONS = NO;
				ENABLE_STRICT_OBJC_MSGSEND = YES;
				GCC_C_LANGUAGE_STANDARD = gnu11;
				GCC_NO_COMMON_BLOCKS = YES;
				GCC_WARN_64_TO_32_BIT_CONVERSION = YES;
				GCC_WARN_ABOUT_RETURN_TYPE = YES_ERROR;
				GCC_WARN_UNDECLARED_SELECTOR = YES;
				GCC_WARN_UNINITIALIZED_AUTOS = YES_AGGRESSIVE;
				GCC_WARN_UNUSED_FUNCTION = YES;
				GCC_WARN_UNUSED_VARIABLE = YES;
				IPHONEOS_DEPLOYMENT_TARGET = 12.1;
				MTL_ENABLE_DEBUG_INFO = NO;
				MTL_FAST_MATH = YES;
				SDKROOT = iphoneos;
				SWIFT_COMPILATION_MODE = wholemodule;
				SWIFT_OPTIMIZATION_LEVEL = "-O";
				VALIDATE_PRODUCT = YES;
			};
			name = Release;
		};
		92FE8D102190ECE6006F1794 /* Debug */ = {
			isa = XCBuildConfiguration;
			buildSettings = {
				ASSETCATALOG_COMPILER_APPICON_NAME = AppIcon;
				CODE_SIGN_STYLE = Automatic;
				DEVELOPMENT_TEAM = 79W76ZW6XN;
				INFOPLIST_FILE = BrunoFlix/Info.plist;
				LD_RUNPATH_SEARCH_PATHS = (
					"$(inherited)",
					"@executable_path/Frameworks",
				);
				PRODUCT_BUNDLE_IDENTIFIER = br.bcsgarcia.BrunoFlix;
				PRODUCT_NAME = "$(TARGET_NAME)";
				SWIFT_VERSION = 4.2;
				TARGETED_DEVICE_FAMILY = "1,2";
			};
			name = Debug;
		};
		92FE8D112190ECE6006F1794 /* Release */ = {
			isa = XCBuildConfiguration;
			buildSettings = {
				ASSETCATALOG_COMPILER_APPICON_NAME = AppIcon;
				CODE_SIGN_STYLE = Automatic;
				DEVELOPMENT_TEAM = 79W76ZW6XN;
				INFOPLIST_FILE = BrunoFlix/Info.plist;
				LD_RUNPATH_SEARCH_PATHS = (
					"$(inherited)",
					"@executable_path/Frameworks",
				);
				PRODUCT_BUNDLE_IDENTIFIER = br.bcsgarcia.BrunoFlix;
				PRODUCT_NAME = "$(TARGET_NAME)";
				SWIFT_VERSION = 4.2;
				TARGETED_DEVICE_FAMILY = "1,2";
			};
			name = Release;
		};
/* End XCBuildConfiguration section */

/* Begin XCConfigurationList section */
		92FE8CF52190ECE4006F1794 /* Build configuration list for PBXProject "BrunoFlix" */ = {
			isa = XCConfigurationList;
			buildConfigurations = (
				92FE8D0D2190ECE6006F1794 /* Debug */,
				92FE8D0E2190ECE6006F1794 /* Release */,
			);
			defaultConfigurationIsVisible = 0;
			defaultConfigurationName = Release;
		};
		92FE8D0F2190ECE6006F1794 /* Build configuration list for PBXNativeTarget "BrunoFlix" */ = {
			isa = XCConfigurationList;
			buildConfigurations = (
				92FE8D102190ECE6006F1794 /* Debug */,
				92FE8D112190ECE6006F1794 /* Release */,
			);
			defaultConfigurationIsVisible = 0;
			defaultConfigurationName = Release;
		};
/* End XCConfigurationList section */

/* Begin XCVersionGroup section */
		92FE8D042190ECE4006F1794 /* BrunoFlix.xcdatamodeld */ = {
			isa = XCVersionGroup;
			children = (
				92FE8D052190ECE4006F1794 /* BrunoFlix.xcdatamodel */,
			);
			currentVersion = 92FE8D052190ECE4006F1794 /* BrunoFlix.xcdatamodel */;
			path = BrunoFlix.xcdatamodeld;
			sourceTree = "<group>";
			versionGroupType = wrapper.xcdatamodel;
		};
/* End XCVersionGroup section */
	};
	rootObject = 92FE8CF22190ECE4006F1794 /* Project object */;
}
